
Microsoft Visual Studio Solution File, Format Version 12.00
# Visual Studio 15
VisualStudioVersion = 15.0.26124.0
MinimumVisualStudioVersion = 15.0.26124.0
Project("{FAE04EC0-301F-11D3-BF4B-00C04F79EFBC}") = "Domain", "Domain\Domain.csproj", "{80E844E2-562A-41E7-AA20-8ADA82609099}"
EndProject
Project("{FAE04EC0-301F-11D3-BF4B-00C04F79EFBC}") = "Application", "Application\Application.csproj", "{165965DF-F0A7-4B12-AFCF-1CF19D6E03AF}"
EndProject
Project("{FAE04EC0-301F-11D3-BF4B-00C04F79EFBC}") = "Persistence", "Persistence\Persistence.csproj", "{BA66340A-2980-4102-A5CD-2D49C405DD10}"
EndProject
Project("{FAE04EC0-301F-11D3-BF4B-00C04F79EFBC}") = "API", "API\API.csproj", "{ED5297A3-9FF1-4B29-8455-490BFCEB12D1}"
EndProject
Global
	GlobalSection(SolutionConfigurationPlatforms) = preSolution
		Debug|Any CPU = Debug|Any CPU
		Debug|x64 = Debug|x64
		Debug|x86 = Debug|x86
		Release|Any CPU = Release|Any CPU
		Release|x64 = Release|x64
		Release|x86 = Release|x86
	EndGlobalSection
	GlobalSection(SolutionProperties) = preSolution
		HideSolutionNode = FALSE
	EndGlobalSection
	GlobalSection(ProjectConfigurationPlatforms) = postSolution
		{80E844E2-562A-41E7-AA20-8ADA82609099}.Debug|Any CPU.ActiveCfg = Debug|Any CPU
		{80E844E2-562A-41E7-AA20-8ADA82609099}.Debug|Any CPU.Build.0 = Debug|Any CPU
		{80E844E2-562A-41E7-AA20-8ADA82609099}.Debug|x64.ActiveCfg = Debug|Any CPU
		{80E844E2-562A-41E7-AA20-8ADA82609099}.Debug|x64.Build.0 = Debug|Any CPU
		{80E844E2-562A-41E7-AA20-8ADA82609099}.Debug|x86.ActiveCfg = Debug|Any CPU
		{80E844E2-562A-41E7-AA20-8ADA82609099}.Debug|x86.Build.0 = Debug|Any CPU
		{80E844E2-562A-41E7-AA20-8ADA82609099}.Release|Any CPU.ActiveCfg = Release|Any CPU
		{80E844E2-562A-41E7-AA20-8ADA82609099}.Release|Any CPU.Build.0 = Release|Any CPU
		{80E844E2-562A-41E7-AA20-8ADA82609099}.Release|x64.ActiveCfg = Release|Any CPU
		{80E844E2-562A-41E7-AA20-8ADA82609099}.Release|x64.Build.0 = Release|Any CPU
		{80E844E2-562A-41E7-AA20-8ADA82609099}.Release|x86.ActiveCfg = Release|Any CPU
		{80E844E2-562A-41E7-AA20-8ADA82609099}.Release|x86.Build.0 = Release|Any CPU
		{165965DF-F0A7-4B12-AFCF-1CF19D6E03AF}.Debug|Any CPU.ActiveCfg = Debug|Any CPU
		{165965DF-F0A7-4B12-AFCF-1CF19D6E03AF}.Debug|Any CPU.Build.0 = Debug|Any CPU
		{165965DF-F0A7-4B12-AFCF-1CF19D6E03AF}.Debug|x64.ActiveCfg = Debug|Any CPU
		{165965DF-F0A7-4B12-AFCF-1CF19D6E03AF}.Debug|x64.Build.0 = Debug|Any CPU
		{165965DF-F0A7-4B12-AFCF-1CF19D6E03AF}.Debug|x86.ActiveCfg = Debug|Any CPU
		{165965DF-F0A7-4B12-AFCF-1CF19D6E03AF}.Debug|x86.Build.0 = Debug|Any CPU
		{165965DF-F0A7-4B12-AFCF-1CF19D6E03AF}.Release|Any CPU.ActiveCfg = Release|Any CPU
		{165965DF-F0A7-4B12-AFCF-1CF19D6E03AF}.Release|Any CPU.Build.0 = Release|Any CPU
		{165965DF-F0A7-4B12-AFCF-1CF19D6E03AF}.Release|x64.ActiveCfg = Release|Any CPU
		{165965DF-F0A7-4B12-AFCF-1CF19D6E03AF}.Release|x64.Build.0 = Release|Any CPU
		{165965DF-F0A7-4B12-AFCF-1CF19D6E03AF}.Release|x86.ActiveCfg = Release|Any CPU
		{165965DF-F0A7-4B12-AFCF-1CF19D6E03AF}.Release|x86.Build.0 = Release|Any CPU
		{BA66340A-2980-4102-A5CD-2D49C405DD10}.Debug|Any CPU.ActiveCfg = Debug|Any CPU
		{BA66340A-2980-4102-A5CD-2D49C405DD10}.Debug|Any CPU.Build.0 = Debug|Any CPU
		{BA66340A-2980-4102-A5CD-2D49C405DD10}.Debug|x64.ActiveCfg = Debug|Any CPU
		{BA66340A-2980-4102-A5CD-2D49C405DD10}.Debug|x64.Build.0 = Debug|Any CPU
		{BA66340A-2980-4102-A5CD-2D49C405DD10}.Debug|x86.ActiveCfg = Debug|Any CPU
		{BA66340A-2980-4102-A5CD-2D49C405DD10}.Debug|x86.Build.0 = Debug|Any CPU
		{BA66340A-2980-4102-A5CD-2D49C405DD10}.Release|Any CPU.ActiveCfg = Release|Any CPU
		{BA66340A-2980-4102-A5CD-2D49C405DD10}.Release|Any CPU.Build.0 = Release|Any CPU
		{BA66340A-2980-4102-A5CD-2D49C405DD10}.Release|x64.ActiveCfg = Release|Any CPU
		{BA66340A-2980-4102-A5CD-2D49C405DD10}.Release|x64.Build.0 = Release|Any CPU
		{BA66340A-2980-4102-A5CD-2D49C405DD10}.Release|x86.ActiveCfg = Release|Any CPU
		{BA66340A-2980-4102-A5CD-2D49C405DD10}.Release|x86.Build.0 = Release|Any CPU
		{ED5297A3-9FF1-4B29-8455-490BFCEB12D1}.Debug|Any CPU.ActiveCfg = Debug|Any CPU
		{ED5297A3-9FF1-4B29-8455-490BFCEB12D1}.Debug|Any CPU.Build.0 = Debug|Any CPU
		{ED5297A3-9FF1-4B29-8455-490BFCEB12D1}.Debug|x64.ActiveCfg = Debug|Any CPU
		{ED5297A3-9FF1-4B29-8455-490BFCEB12D1}.Debug|x64.Build.0 = Debug|Any CPU
		{ED5297A3-9FF1-4B29-8455-490BFCEB12D1}.Debug|x86.ActiveCfg = Debug|Any CPU
		{ED5297A3-9FF1-4B29-8455-490BFCEB12D1}.Debug|x86.Build.0 = Debug|Any CPU
		{ED5297A3-9FF1-4B29-8455-490BFCEB12D1}.Release|Any CPU.ActiveCfg = Release|Any CPU
		{ED5297A3-9FF1-4B29-8455-490BFCEB12D1}.Release|Any CPU.Build.0 = Release|Any CPU
		{ED5297A3-9FF1-4B29-8455-490BFCEB12D1}.Release|x64.ActiveCfg = Release|Any CPU
		{ED5297A3-9FF1-4B29-8455-490BFCEB12D1}.Release|x64.Build.0 = Release|Any CPU
		{ED5297A3-9FF1-4B29-8455-490BFCEB12D1}.Release|x86.ActiveCfg = Release|Any CPU
		{ED5297A3-9FF1-4B29-8455-490BFCEB12D1}.Release|x86.Build.0 = Release|Any CPU
	EndGlobalSection
EndGlobal
